
Microsoft Visual Studio Solution File, Format Version 12.00
# Visual Studio Version 16
VisualStudioVersion = 16.0.31729.503
MinimumVisualStudioVersion = 10.0.40219.1
Project("{FAE04EC0-301F-11D3-BF4B-00C04F79EFBC}") = "WordleHelper", "WordleHelper\WordleHelper.csproj", "{7BAE15B4-6309-4D27-AB57-32B50CF439BC}"
EndProject
Global
	GlobalSection(SolutionConfigurationPlatforms) = preSolution
		Debug|Any CPU = Debug|Any CPU
		Release|Any CPU = Release|Any CPU
	EndGlobalSection
	GlobalSection(ProjectConfigurationPlatforms) = postSolution
		{7BAE15B4-6309-4D27-AB57-32B50CF439BC}.Debug|Any CPU.ActiveCfg = Debug|Any CPU
		{7BAE15B4-6309-4D27-AB57-32B50CF439BC}.Debug|Any CPU.Build.0 = Debug|Any CPU
		{7BAE15B4-6309-4D27-AB57-32B50CF439BC}.Release|Any CPU.ActiveCfg = Release|Any CPU
		{7BAE15B4-6309-4D27-AB57-32B50CF439BC}.Release|Any CPU.Build.0 = Release|Any CPU
	EndGlobalSection
	GlobalSection(SolutionProperties) = preSolution
		HideSolutionNode = FALSE
	EndGlobalSection
	GlobalSection(ExtensibilityGlobals) = postSolution
		SolutionGuid = {57899521-1346-4AB0-8B22-910CEEDC6F20}
	EndGlobalSection
EndGlobal
